
Microsoft Visual Studio Solution File, Format Version 12.00
# Visual Studio Version 17
VisualStudioVersion = 17.13.36105.23
MinimumVisualStudioVersion = 10.0.40219.1
Project("{FAE04EC0-301F-11D3-BF4B-00C04F79EFBC}") = "Indicators", "Technical\Indicators.csproj", "{9EA7CEC8-539D-DE90-7084-0F38EF1484C4}"
EndProject
Global
	GlobalSection(SolutionConfigurationPlatforms) = preSolution
		Debug|Any CPU = Debug|Any CPU
		Debug|Cross = Debug|Cross
		Publish|Any CPU = Publish|Any CPU
		Publish|Cross = Publish|Cross
		Release|Any CPU = Release|Any CPU
		Release|Cross = Release|Cross
	EndGlobalSection
	GlobalSection(ProjectConfigurationPlatforms) = postSolution
		{9EA7CEC8-539D-DE90-7084-0F38EF1484C4}.Debug|Any CPU.ActiveCfg = Debug|Any CPU
		{9EA7CEC8-539D-DE90-7084-0F38EF1484C4}.Debug|Any CPU.Build.0 = Debug|Any CPU
		{9EA7CEC8-539D-DE90-7084-0F38EF1484C4}.Debug|Cross.ActiveCfg = Debug|Cross
		{9EA7CEC8-539D-DE90-7084-0F38EF1484C4}.Debug|Cross.Build.0 = Debug|Cross
		{9EA7CEC8-539D-DE90-7084-0F38EF1484C4}.Publish|Any CPU.ActiveCfg = Publish|Any CPU
		{9EA7CEC8-539D-DE90-7084-0F38EF1484C4}.Publish|Any CPU.Build.0 = Publish|Any CPU
		{9EA7CEC8-539D-DE90-7084-0F38EF1484C4}.Publish|Cross.ActiveCfg = Publish|Cross
		{9EA7CEC8-539D-DE90-7084-0F38EF1484C4}.Publish|Cross.Build.0 = Publish|Cross
		{9EA7CEC8-539D-DE90-7084-0F38EF1484C4}.Release|Any CPU.ActiveCfg = Release|Any CPU
		{9EA7CEC8-539D-DE90-7084-0F38EF1484C4}.Release|Any CPU.Build.0 = Release|Any CPU
		{9EA7CEC8-539D-DE90-7084-0F38EF1484C4}.Release|Cross.ActiveCfg = Release|Cross
		{9EA7CEC8-539D-DE90-7084-0F38EF1484C4}.Release|Cross.Build.0 = Release|Cross
	EndGlobalSection
	GlobalSection(SolutionProperties) = preSolution
		HideSolutionNode = FALSE
	EndGlobalSection
	GlobalSection(ExtensibilityGlobals) = postSolution
		SolutionGuid = {044D1FB4-2383-42B9-96E3-3F43A35FCCD9}
	EndGlobalSection
EndGlobal
